# Generated by pub
# See https://dart.dev/tools/pub/glossary#lockfile
packages:
  archive:
    dependency: transitive
    description:
      name: archive
      url: "https://pub.flutter-io.cn"
    source: hosted
    version: "2.0.13"
  args:
    dependency: transitive
    description:
      name: args
      url: "https://pub.flutter-io.cn"
    source: hosted
    version: "1.6.0"
  async:
    dependency: transitive
    description:
      name: async
      url: "https://pub.flutter-io.cn"
    source: hosted
    version: "2.4.1"
  boolean_selector:
    dependency: transitive
    description:
      name: boolean_selector
      url: "https://pub.flutter-io.cn"
    source: hosted
    version: "2.0.0"
  cache:
    dependency: "direct main"
    description:
      path: "flutter_untils/cache"
      ref: HEAD
      resolved-ref: "022e188be68bd749c1a9a28c7104e2c5862ec78f"
      url: "https://github.com/wya-team/flutter_wya.git"
    source: git
    version: "0.0.1"
  charcode:
    dependency: transitive
    description:
      name: charcode
      url: "https://pub.flutter-io.cn"
    source: hosted
    version: "1.1.3"
  collection:
    dependency: transitive
    description:
      name: collection
      url: "https://pub.flutter-io.cn"
    source: hosted
    version: "1.14.12"
  convert:
    dependency: transitive
    description:
      name: convert
      url: "https://pub.flutter-io.cn"
    source: hosted
    version: "2.1.1"
  crypto:
    dependency: transitive
    description:
      name: crypto
      url: "https://pub.flutter-io.cn"
    source: hosted
    version: "2.1.4"
  csslib:
    dependency: transitive
    description:
      name: csslib
      url: "https://pub.flutter-io.cn"
    source: hosted
    version: "0.16.1"
  cupertino_icons:
    dependency: "direct main"
    description:
      name: cupertino_icons
      url: "https://pub.flutter-io.cn"
    source: hosted
    version: "0.1.3"
  date:
    dependency: "direct main"
    description:
      path: "flutter_untils/date"
      ref: HEAD
      resolved-ref: "022e188be68bd749c1a9a28c7104e2c5862ec78f"
      url: "https://github.com/wya-team/flutter_wya.git"
    source: git
    version: "0.0.1"
  device_info:
    dependency: "direct main"
    description:
      name: device_info
      url: "https://pub.flutter-io.cn"
    source: hosted
    version: "0.4.2+1"
  dialog:
    dependency: "direct main"
    description:
      path: "flutter_widgets/dialog"
      ref: HEAD
      resolved-ref: "022e188be68bd749c1a9a28c7104e2c5862ec78f"
      url: "https://github.com/wya-team/flutter_wya.git"
    source: git
    version: "0.0.1"
  extension_data:
    dependency: "direct main"
    description:
      path: "flutter_untils/extension_data"
      ref: HEAD
      resolved-ref: "022e188be68bd749c1a9a28c7104e2c5862ec78f"
      url: "https://github.com/wya-team/flutter_wya.git"
    source: git
    version: "0.0.1"
  flutter:
    dependency: "direct main"
    description: flutter
    source: sdk
    version: "0.0.0"
  flutter_html:
    dependency: "direct main"
    description:
      name: flutter_html
      url: "https://pub.flutter-io.cn"
    source: hosted
    version: "0.11.1"
  flutter_sound:
    dependency: "direct main"
    description:
      name: flutter_sound
      url: "https://pub.flutter-io.cn"
    source: hosted
    version: "3.0.0+1"
  flutter_test:
    dependency: "direct dev"
    description: flutter
    source: sdk
    version: "0.0.0"
  flutter_web_plugins:
    dependency: transitive
    description: flutter
    source: sdk
    version: "0.0.0"
  flutter_webview_plugin:
    dependency: "direct main"
    description:
      name: flutter_webview_plugin
      url: "https://pub.flutter-io.cn"
    source: hosted
    version: "0.3.10+1"
  html:
    dependency: transitive
    description:
      name: html
      url: "https://pub.flutter-io.cn"
    source: hosted
    version: "0.14.0+3"
  image:
    dependency: transitive
    description:
      name: image
      url: "https://pub.flutter-io.cn"
    source: hosted
    version: "2.1.12"
  intl:
    dependency: "direct main"
    description:
      name: intl
      url: "https://pub.flutter-io.cn"
    source: hosted
    version: "0.16.1"
  matcher:
    dependency: transitive
    description:
      name: matcher
      url: "https://pub.flutter-io.cn"
    source: hosted
    version: "0.12.6"
  meta:
    dependency: transitive
    description:
      name: meta
      url: "https://pub.flutter-io.cn"
    source: hosted
    version: "1.1.8"
  native_record:
    dependency: "direct main"
    description:
      path: "flutter_hardware/native_record"
      ref: HEAD
      resolved-ref: "022e188be68bd749c1a9a28c7104e2c5862ec78f"
      url: "https://github.com/wya-team/flutter_wya.git"
    source: git
    version: "0.0.1"
  noticebar:
    dependency: "direct main"
    description:
      path: "flutter_widgets/noticebar"
      ref: HEAD
      resolved-ref: "022e188be68bd749c1a9a28c7104e2c5862ec78f"
      url: "https://github.com/wya-team/flutter_wya.git"
    source: git
    version: "0.0.1"
  path:
    dependency: transitive
    description:
      name: path
      url: "https://pub.flutter-io.cn"
    source: hosted
    version: "1.6.4"
  path_provider:
    dependency: "direct main"
    description:
      name: path_provider
      url: "https://pub.flutter-io.cn"
    source: hosted
    version: "1.6.5"
  path_provider_macos:
    dependency: transitive
    description:
      name: path_provider_macos
      url: "https://pub.flutter-io.cn"
    source: hosted
    version: "0.0.4"
  path_provider_platform_interface:
    dependency: transitive
    description:
      name: path_provider_platform_interface
      url: "https://pub.flutter-io.cn"
    source: hosted
    version: "1.0.1"
  permission_handler:
    dependency: "direct main"
    description:
      name: permission_handler
      url: "https://pub.flutter-io.cn"
    source: hosted
    version: "4.4.0+hotfix.4"
  permission_handler_platform_interface:
    dependency: transitive
    description:
      name: permission_handler_platform_interface
      url: "https://pub.flutter-io.cn"
    source: hosted
    version: "1.0.0"
  petitparser:
    dependency: transitive
    description:
      name: petitparser
      url: "https://pub.flutter-io.cn"
    source: hosted
    version: "2.4.0"
  platform:
    dependency: transitive
    description:
      name: platform
      url: "https://pub.flutter-io.cn"
    source: hosted
    version: "2.2.1"
  plugin_platform_interface:
    dependency: transitive
    description:
      name: plugin_platform_interface
      url: "https://pub.flutter-io.cn"
    source: hosted
    version: "1.0.2"
  progressview:
    dependency: "direct main"
    description:
      path: "flutter_widgets/progressview"
      ref: HEAD
      resolved-ref: "022e188be68bd749c1a9a28c7104e2c5862ec78f"
      url: "https://github.com/wya-team/flutter_wya.git"
    source: git
    version: "0.0.1"
  quiver:
    dependency: transitive
    description:
      name: quiver
      url: "https://pub.flutter-io.cn"
    source: hosted
    version: "2.1.3"
  round_checkbox:
    dependency: "direct main"
    description:
      path: "flutter_widgets/round_checkbox"
      ref: HEAD
      resolved-ref: "022e188be68bd749c1a9a28c7104e2c5862ec78f"
      url: "https://github.com/wya-team/flutter_wya.git"
    source: git
    version: "0.0.1"
  searchbar:
    dependency: "direct main"
    description:
      path: "flutter_widgets/searchbar"
      ref: HEAD
      resolved-ref: "613f15ddac562423395dc151586794401f392fbc"
      url: "https://github.com/wya-team/flutter_wya.git"
    source: git
    version: "0.0.1"
  segmentcontrol:
    dependency: "direct main"
    description:
      path: "flutter_widgets/segmentcontrol"
      ref: HEAD
      resolved-ref: "022e188be68bd749c1a9a28c7104e2c5862ec78f"
      url: "https://github.com/wya-team/flutter_wya.git"
    source: git
    version: "0.0.1"
  shared_preferences:
    dependency: transitive
    description:
      name: shared_preferences
      url: "https://pub.flutter-io.cn"
    source: hosted
    version: "0.5.6+3"
  shared_preferences_macos:
    dependency: transitive
    description:
      name: shared_preferences_macos
      url: "https://pub.flutter-io.cn"
    source: hosted
    version: "0.0.1+6"
  shared_preferences_platform_interface:
    dependency: transitive
    description:
      name: shared_preferences_platform_interface
      url: "https://pub.flutter-io.cn"
    source: hosted
    version: "1.0.3"
  shared_preferences_web:
    dependency: transitive
    description:
      name: shared_preferences_web
      url: "https://pub.flutter-io.cn"
    source: hosted
    version: "0.1.2+4"
  sky_engine:
    dependency: transitive
    description: flutter
    source: sdk
    version: "0.0.99"
  slider:
    dependency: "direct main"
    description:
      path: "flutter_widgets/slider"
      ref: HEAD
      resolved-ref: a2e39204ab813817e2595270d94f0af146e833fd
      url: "https://github.com/wya-team/flutter_wya.git"
    source: git
    version: "0.0.1"
  source_span:
    dependency: transitive
    description:
      name: source_span
      url: "https://pub.flutter-io.cn"
    source: hosted
    version: "1.7.0"
  stack_trace:
    dependency: transitive
    description:
      name: stack_trace
      url: "https://pub.flutter-io.cn"
    source: hosted
    version: "1.9.3"
  step:
    dependency: "direct main"
    description:
      path: "flutter_widgets/step"
      ref: HEAD
      resolved-ref: "18641ebae8bfdf7c5dc86eb6852e11dc867791a6"
      url: "https://github.com/wya-team/flutter_wya.git"
    source: git
    version: "0.0.1"
  stream_channel:
    dependency: transitive
    description:
      name: stream_channel
      url: "https://pub.flutter-io.cn"
    source: hosted
    version: "2.0.0"
  string_scanner:
    dependency: transitive
    description:
      name: string_scanner
      url: "https://pub.flutter-io.cn"
    source: hosted
    version: "1.0.5"
  tableview:
    dependency: "direct main"
    description:
      path: "flutter_widgets/tableview"
      ref: HEAD
      resolved-ref: "022e188be68bd749c1a9a28c7104e2c5862ec78f"
      url: "https://github.com/wya-team/flutter_wya.git"
    source: git
    version: "0.0.1"
  term_glyph:
    dependency: transitive
    description:
      name: term_glyph
      url: "https://pub.flutter-io.cn"
    source: hosted
    version: "1.1.0"
  test_api:
    dependency: transitive
    description:
      name: test_api
      url: "https://pub.flutter-io.cn"
    source: hosted
    version: "0.2.15"
  toast:
    dependency: "direct main"
    description:
      path: "flutter_widgets/toast"
      ref: HEAD
      resolved-ref: "022e188be68bd749c1a9a28c7104e2c5862ec78f"
      url: "https://github.com/wya-team/flutter_wya.git"
    source: git
    version: "0.0.1"
  typed_data:
    dependency: transitive
    description:
      name: typed_data
      url: "https://pub.flutter-io.cn"
    source: hosted
    version: "1.1.6"
  vector_math:
    dependency: transitive
    description:
      name: vector_math
      url: "https://pub.flutter-io.cn"
    source: hosted
    version: "2.0.8"
  xml:
    dependency: transitive
    description:
      name: xml
      url: "https://pub.flutter-io.cn"
    source: hosted
    version: "3.6.1"
sdks:
  dart: ">=2.6.0 <3.0.0"
  flutter: ">=1.12.13+hotfix.5 <2.0.0"
